// !$*UTF8*$!
{
	archiveVersion = 1;
	classes = {
	};
	objectVersion = 77;
	objects = {

/* Begin PBXBuildFile section */
		BEF7CC4B2D5A796B00F72F69 /* Assets.xcassets in Resources */ = {isa = PBXBuildFile; fileRef = BEF7CC402D5A796B00F72F69 /* Assets.xcassets */; };
		BEF7CC4D2D5A796B00F72F69 /* LaunchScreen.storyboard in Resources */ = {isa = PBXBuildFile; fileRef = BEF7CC442D5A796B00F72F69 /* LaunchScreen.storyboard */; };
		BEF7CC4F2D5A796B00F72F69 /* AppDelegate.swift in Sources */ = {isa = PBXBuildFile; fileRef = BEF7CC3F2D5A796B00F72F69 /* AppDelegate.swift */; };
		BEF7CC502D5A796B00F72F69 /* DemoVideoGenerate_iOS.xcdatamodeld in Sources */ = {isa = PBXBuildFile; fileRef = BEF7CC412D5A796B00F72F69 /* DemoVideoGenerate_iOS.xcdatamodeld */; };
		BEF7CC512D5A796B00F72F69 /* SceneDelegate.swift in Sources */ = {isa = PBXBuildFile; fileRef = BEF7CC472D5A796B00F72F69 /* SceneDelegate.swift */; };
		BEF7CC552D5A79A100F72F69 /* ViewController.swift in Sources */ = {isa = PBXBuildFile; fileRef = BEF7CC532D5A79A100F72F69 /* ViewController.swift */; };
		BEF7CC592D5A79B500F72F69 /* Radhika.mp3 in Resources */ = {isa = PBXBuildFile; fileRef = BEF7CC572D5A79B500F72F69 /* Radhika.mp3 */; };
		BEF7CC5A2D5A79B500F72F69 /* AlAmin.mp4 in Resources */ = {isa = PBXBuildFile; fileRef = BEF7CC562D5A79B500F72F69 /* AlAmin.mp4 */; };
		BEF7CC5C2D5A79D200F72F69 /* Main.storyboard in Resources */ = {isa = PBXBuildFile; fileRef = BEF7CC5B2D5A79D200F72F69 /* Main.storyboard */; };
		EBE8060D7775C725A6B84D4E /* Pods_DemoVideoGenerate_iOS.framework in Frameworks */ = {isa = PBXBuildFile; fileRef = 5C1D37636103005B473271F5 /* Pods_DemoVideoGenerate_iOS.framework */; };
/* End PBXBuildFile section */

/* Begin PBXFileReference section */
		1F8977C9D996C9118E371930 /* Pods-DemoVideoGenerate_iOS.debug.xcconfig */ = {isa = PBXFileReference; includeInIndex = 1; lastKnownFileType = text.xcconfig; name = "Pods-DemoVideoGenerate_iOS.debug.xcconfig"; path = "Target Support Files/Pods-DemoVideoGenerate_iOS/Pods-DemoVideoGenerate_iOS.debug.xcconfig"; sourceTree = "<group>"; };
		273AB66C873DE215B5234267 /* Pods-DemoVideoGenerate_iOS.release.xcconfig */ = {isa = PBXFileReference; includeInIndex = 1; lastKnownFileType = text.xcconfig; name = "Pods-DemoVideoGenerate_iOS.release.xcconfig"; path = "Target Support Files/Pods-DemoVideoGenerate_iOS/Pods-DemoVideoGenerate_iOS.release.xcconfig"; sourceTree = "<group>"; };
		5C1D37636103005B473271F5 /* Pods_DemoVideoGenerate_iOS.framework */ = {isa = PBXFileReference; explicitFileType = wrapper.framework; includeInIndex = 0; path = Pods_DemoVideoGenerate_iOS.framework; sourceTree = BUILT_PRODUCTS_DIR; };
		BEF7CC112D5A78A500F72F69 /* DemoVideoGenerate_iOS.app */ = {isa = PBXFileReference; explicitFileType = wrapper.application; includeInIndex = 0; path = DemoVideoGenerate_iOS.app; sourceTree = BUILT_PRODUCTS_DIR; };
		BEF7CC3F2D5A796B00F72F69 /* AppDelegate.swift */ = {isa = PBXFileReference; lastKnownFileType = sourcecode.swift; path = AppDelegate.swift; sourceTree = "<group>"; };
		BEF7CC402D5A796B00F72F69 /* Assets.xcassets */ = {isa = PBXFileReference; lastKnownFileType = folder.assetcatalog; path = Assets.xcassets; sourceTree = "<group>"; };
		BEF7CC422D5A796B00F72F69 /* Info.plist */ = {isa = PBXFileReference; lastKnownFileType = text.plist.xml; path = Info.plist; sourceTree = "<group>"; };
		BEF7CC432D5A796B00F72F69 /* Base */ = {isa = PBXFileReference; lastKnownFileType = file.storyboard; name = Base; path = Base.lproj/LaunchScreen.storyboard; sourceTree = "<group>"; };
		BEF7CC472D5A796B00F72F69 /* SceneDelegate.swift */ = {isa = PBXFileReference; lastKnownFileType = sourcecode.swift; path = SceneDelegate.swift; sourceTree = "<group>"; };
		BEF7CC4A2D5A796B00F72F69 /* DemoVideoGenerate_iOS.xcdatamodel */ = {isa = PBXFileReference; lastKnownFileType = wrapper.xcdatamodel; path = DemoVideoGenerate_iOS.xcdatamodel; sourceTree = "<group>"; };
		BEF7CC532D5A79A100F72F69 /* ViewController.swift */ = {isa = PBXFileReference; lastKnownFileType = sourcecode.swift; path = ViewController.swift; sourceTree = "<group>"; };
		BEF7CC562D5A79B500F72F69 /* AlAmin.mp4 */ = {isa = PBXFileReference; lastKnownFileType = file; path = AlAmin.mp4; sourceTree = "<group>"; };
		BEF7CC572D5A79B500F72F69 /* Radhika.mp3 */ = {isa = PBXFileReference; lastKnownFileType = audio.mp3; path = Radhika.mp3; sourceTree = "<group>"; };
		BEF7CC5B2D5A79D200F72F69 /* Main.storyboard */ = {isa = PBXFileReference; lastKnownFileType = file.storyboard; path = Main.storyboard; sourceTree = "<group>"; };
/* End PBXFileReference section */

/* Begin PBXFrameworksBuildPhase section */
		BEF7CC0E2D5A78A500F72F69 /* Frameworks */ = {
			isa = PBXFrameworksBuildPhase;
			buildActionMask = 2147483647;
			files = (
				EBE8060D7775C725A6B84D4E /* Pods_DemoVideoGenerate_iOS.framework in Frameworks */,
			);
			runOnlyForDeploymentPostprocessing = 0;
		};
/* End PBXFrameworksBuildPhase section */

/* Begin PBXGroup section */
		0903BAF1427F1B58CB589B7B /* Frameworks */ = {
			isa = PBXGroup;
			children = (
				5C1D37636103005B473271F5 /* Pods_DemoVideoGenerate_iOS.framework */,
			);
			name = Frameworks;
			sourceTree = "<group>";
		};
		3D1E5447C36718195152AFD2 /* Pods */ = {
			isa = PBXGroup;
			children = (
				1F8977C9D996C9118E371930 /* Pods-DemoVideoGenerate_iOS.debug.xcconfig */,
				273AB66C873DE215B5234267 /* Pods-DemoVideoGenerate_iOS.release.xcconfig */,
			);
			path = Pods;
			sourceTree = "<group>";
		};
		BEF7CC082D5A78A500F72F69 = {
			isa = PBXGroup;
			children = (
				BEF7CC492D5A796B00F72F69 /* DemoVideoGenerate_iOS */,
				BEF7CC122D5A78A500F72F69 /* Products */,
				3D1E5447C36718195152AFD2 /* Pods */,
				0903BAF1427F1B58CB589B7B /* Frameworks */,
			);
			sourceTree = "<group>";
		};
		BEF7CC122D5A78A500F72F69 /* Products */ = {
			isa = PBXGroup;
			children = (
				BEF7CC112D5A78A500F72F69 /* DemoVideoGenerate_iOS.app */,
			);
			name = Products;
			sourceTree = "<group>";
		};
		BEF7CC492D5A796B00F72F69 /* DemoVideoGenerate_iOS */ = {
			isa = PBXGroup;
			children = (
				BEF7CC5E2D5A7A0000F72F69 /* System */,
				BEF7CC5D2D5A79EF00F72F69 /* View */,
				BEF7CC582D5A79B500F72F69 /* Support */,
				BEF7CC542D5A79A100F72F69 /* Controller */,
				BEF7CC402D5A796B00F72F69 /* Assets.xcassets */,
				BEF7CC412D5A796B00F72F69 /* DemoVideoGenerate_iOS.xcdatamodeld */,
				BEF7CC422D5A796B00F72F69 /* Info.plist */,
			);
			path = DemoVideoGenerate_iOS;
			sourceTree = "<group>";
		};
		BEF7CC542D5A79A100F72F69 /* Controller */ = {
			isa = PBXGroup;
			children = (
				BEF7CC532D5A79A100F72F69 /* ViewController.swift */,
			);
			path = Controller;
			sourceTree = "<group>";
		};
		BEF7CC582D5A79B500F72F69 /* Support */ = {
			isa = PBXGroup;
			children = (
				BEF7CC562D5A79B500F72F69 /* AlAmin.mp4 */,
				BEF7CC572D5A79B500F72F69 /* Radhika.mp3 */,
			);
			path = Support;
			sourceTree = "<group>";
		};
		BEF7CC5D2D5A79EF00F72F69 /* View */ = {
			isa = PBXGroup;
			children = (
				BEF7CC442D5A796B00F72F69 /* LaunchScreen.storyboard */,
				BEF7CC5B2D5A79D200F72F69 /* Main.storyboard */,
			);
			path = View;
			sourceTree = "<group>";
		};
		BEF7CC5E2D5A7A0000F72F69 /* System */ = {
			isa = PBXGroup;
			children = (
				BEF7CC472D5A796B00F72F69 /* SceneDelegate.swift */,
				BEF7CC3F2D5A796B00F72F69 /* AppDelegate.swift */,
			);
			path = System;
			sourceTree = "<group>";
		};
/* End PBXGroup section */

/* Begin PBXNativeTarget section */
		BEF7CC102D5A78A500F72F69 /* DemoVideoGenerate_iOS */ = {
			isa = PBXNativeTarget;
			buildConfigurationList = BEF7CC272D5A78A700F72F69 /* Build configuration list for PBXNativeTarget "DemoVideoGenerate_iOS" */;
			buildPhases = (
				99A54F8C56878C52D6673ADA /* [CP] Check Pods Manifest.lock */,
				BEF7CC0D2D5A78A500F72F69 /* Sources */,
				BEF7CC0E2D5A78A500F72F69 /* Frameworks */,
				BEF7CC0F2D5A78A500F72F69 /* Resources */,
				39EE5D9CE7DDDC588AB933F4 /* [CP] Embed Pods Frameworks */,
			);
			buildRules = (
			);
			dependencies = (
			);
			name = DemoVideoGenerate_iOS;
			productName = DemoVideoGenerate_iOS;
			productReference = BEF7CC112D5A78A500F72F69 /* DemoVideoGenerate_iOS.app */;
			productType = "com.apple.product-type.application";
		};
/* End PBXNativeTarget section */

/* Begin PBXProject section */
		BEF7CC092D5A78A500F72F69 /* Project object */ = {
			isa = PBXProject;
			attributes = {
				BuildIndependentTargetsInParallel = 1;
				LastSwiftUpdateCheck = 1610;
				LastUpgradeCheck = 1610;
				TargetAttributes = {
					BEF7CC102D5A78A500F72F69 = {
						CreatedOnToolsVersion = 16.1;
					};
				};
			};
			buildConfigurationList = BEF7CC0C2D5A78A500F72F69 /* Build configuration list for PBXProject "DemoVideoGenerate_iOS" */;
			developmentRegion = en;
			hasScannedForEncodings = 0;
			knownRegions = (
				en,
				Base,
			);
			mainGroup = BEF7CC082D5A78A500F72F69;
			minimizedProjectReferenceProxies = 1;
			preferredProjectObjectVersion = 77;
			productRefGroup = BEF7CC122D5A78A500F72F69 /* Products */;
			projectDirPath = "";
			projectRoot = "";
			targets = (
				BEF7CC102D5A78A500F72F69 /* DemoVideoGenerate_iOS */,
			);
		};
/* End PBXProject section */

/* Begin PBXResourcesBuildPhase section */
		BEF7CC0F2D5A78A500F72F69 /* Resources */ = {
			isa = PBXResourcesBuildPhase;
			buildActionMask = 2147483647;
			files = (
				BEF7CC4B2D5A796B00F72F69 /* Assets.xcassets in Resources */,
				BEF7CC5C2D5A79D200F72F69 /* Main.storyboard in Resources */,
				BEF7CC4D2D5A796B00F72F69 /* LaunchScreen.storyboard in Resources */,
				BEF7CC592D5A79B500F72F69 /* Radhika.mp3 in Resources */,
				BEF7CC5A2D5A79B500F72F69 /* AlAmin.mp4 in Resources */,
			);
			runOnlyForDeploymentPostprocessing = 0;
		};
/* End PBXResourcesBuildPhase section */

/* Begin PBXShellScriptBuildPhase section */
		39EE5D9CE7DDDC588AB933F4 /* [CP] Embed Pods Frameworks */ = {
			isa = PBXShellScriptBuildPhase;
			buildActionMask = 2147483647;
			files = (
			);
			inputFileListPaths = (
				"${PODS_ROOT}/Target Support Files/Pods-DemoVideoGenerate_iOS/Pods-DemoVideoGenerate_iOS-frameworks-${CONFIGURATION}-input-files.xcfilelist",
			);
			name = "[CP] Embed Pods Frameworks";
			outputFileListPaths = (
				"${PODS_ROOT}/Target Support Files/Pods-DemoVideoGenerate_iOS/Pods-DemoVideoGenerate_iOS-frameworks-${CONFIGURATION}-output-files.xcfilelist",
			);
			runOnlyForDeploymentPostprocessing = 0;
			shellPath = /bin/sh;
			shellScript = "\"${PODS_ROOT}/Target Support Files/Pods-DemoVideoGenerate_iOS/Pods-DemoVideoGenerate_iOS-frameworks.sh\"\n";
			showEnvVarsInLog = 0;
		};
		99A54F8C56878C52D6673ADA /* [CP] Check Pods Manifest.lock */ = {
			isa = PBXShellScriptBuildPhase;
			buildActionMask = 2147483647;
			files = (
			);
			inputFileListPaths = (
			);
			inputPaths = (
				"${PODS_PODFILE_DIR_PATH}/Podfile.lock",
				"${PODS_ROOT}/Manifest.lock",
			);
			name = "[CP] Check Pods Manifest.lock";
			outputFileListPaths = (
			);
			outputPaths = (
				"$(DERIVED_FILE_DIR)/Pods-DemoVideoGenerate_iOS-checkManifestLockResult.txt",
			);
			runOnlyForDeploymentPostprocessing = 0;
			shellPath = /bin/sh;
			shellScript = "diff \"${PODS_PODFILE_DIR_PATH}/Podfile.lock\" \"${PODS_ROOT}/Manifest.lock\" > /dev/null\nif [ $? != 0 ] ; then\n    # print error to STDERR\n    echo \"error: The sandbox is not in sync with the Podfile.lock. Run 'pod install' or update your CocoaPods installation.\" >&2\n    exit 1\nfi\n# This output is used by Xcode 'outputs' to avoid re-running this script phase.\necho \"SUCCESS\" > \"${SCRIPT_OUTPUT_FILE_0}\"\n";
			showEnvVarsInLog = 0;
		};
/* End PBXShellScriptBuildPhase section */

/* Begin PBXSourcesBuildPhase section */
		BEF7CC0D2D5A78A500F72F69 /* Sources */ = {
			isa = PBXSourcesBuildPhase;
			buildActionMask = 2147483647;
			files = (
				BEF7CC4F2D5A796B00F72F69 /* AppDelegate.swift in Sources */,
				BEF7CC502D5A796B00F72F69 /* DemoVideoGenerate_iOS.xcdatamodeld in Sources */,
				BEF7CC552D5A79A100F72F69 /* ViewController.swift in Sources */,
				BEF7CC512D5A796B00F72F69 /* SceneDelegate.swift in Sources */,
			);
			runOnlyForDeploymentPostprocessing = 0;
		};
/* End PBXSourcesBuildPhase section */

/* Begin PBXVariantGroup section */
		BEF7CC442D5A796B00F72F69 /* LaunchScreen.storyboard */ = {
			isa = PBXVariantGroup;
			children = (
				BEF7CC432D5A796B00F72F69 /* Base */,
			);
			name = LaunchScreen.storyboard;
			sourceTree = "<group>";
		};
/* End PBXVariantGroup section */

/* Begin XCBuildConfiguration section */
		BEF7CC282D5A78A700F72F69 /* Debug */ = {
			isa = XCBuildConfiguration;
			baseConfigurationReference = 1F8977C9D996C9118E371930 /* Pods-DemoVideoGenerate_iOS.debug.xcconfig */;
			buildSettings = {
				ASSETCATALOG_COMPILER_APPICON_NAME = AppIcon;
				ASSETCATALOG_COMPILER_GLOBAL_ACCENT_COLOR_NAME = AccentColor;
				CODE_SIGN_STYLE = Automatic;
				CURRENT_PROJECT_VERSION = 1;
				ENABLE_USER_SCRIPT_SANDBOXING = NO;
				GENERATE_INFOPLIST_FILE = YES;
				INFOPLIST_FILE = DemoVideoGenerate_iOS/Info.plist;
				INFOPLIST_KEY_UIApplicationSupportsIndirectInputEvents = YES;
				INFOPLIST_KEY_UILaunchStoryboardName = LaunchScreen;
				INFOPLIST_KEY_UIMainStoryboardFile = Main;
				INFOPLIST_KEY_UISupportedInterfaceOrientations_iPad = "UIInterfaceOrientationPortrait UIInterfaceOrientationPortraitUpsideDown UIInterfaceOrientationLandscapeLeft UIInterfaceOrientationLandscapeRight";
				INFOPLIST_KEY_UISupportedInterfaceOrientations_iPhone = "UIInterfaceOrientationPortrait UIInterfaceOrientationLandscapeLeft UIInterfaceOrientationLandscapeRight";
				LD_RUNPATH_SEARCH_PATHS = (
					"$(inherited)",
					"@executable_path/Frameworks",
				);
				MARKETING_VERSION = 1.0;
				PRODUCT_BUNDLE_IDENTIFIER = "thirdcode.DemoVideoGenerate-iOS";
				PRODUCT_NAME = "$(TARGET_NAME)";
				SWIFT_EMIT_LOC_STRINGS = YES;
				SWIFT_VERSION = 5.0;
				TARGETED_DEVICE_FAMILY = "1,2";
			};
			name = Debug;
		};
		BEF7CC292D5A78A700F72F69 /* Release */ = {
			isa = XCBuildConfiguration;
			baseConfigurationReference = 273AB66C873DE215B5234267 /* Pods-DemoVideoGenerate_iOS.release.xcconfig */;
			buildSettings = {
				ASSETCATALOG_COMPILER_APPICON_NAME = AppIcon;
				ASSETCATALOG_COMPILER_GLOBAL_ACCENT_COLOR_NAME = AccentColor;
				CODE_SIGN_STYLE = Automatic;
				CURRENT_PROJECT_VERSION = 1;
				ENABLE_USER_SCRIPT_SANDBOXING = NO;
				GENERATE_INFOPLIST_FILE = YES;
				INFOPLIST_FILE = DemoVideoGenerate_iOS/Info.plist;
				INFOPLIST_KEY_UIApplicationSupportsIndirectInputEvents = YES;
				INFOPLIST_KEY_UILaunchStoryboardName = LaunchScreen;
				INFOPLIST_KEY_UIMainStoryboardFile = Main;
				INFOPLIST_KEY_UISupportedInterfaceOrientations_iPad = "UIInterfaceOrientationPortrait UIInterfaceOrientationPortraitUpsideDown UIInterfaceOrientationLandscapeLeft UIInterfaceOrientationLandscapeRight";
				INFOPLIST_KEY_UISupportedInterfaceOrientations_iPhone = "UIInterfaceOrientationPortrait UIInterfaceOrientationLandscapeLeft UIInterfaceOrientationLandscapeRight";
				LD_RUNPATH_SEARCH_PATHS = (
					"$(inherited)",
					"@executable_path/Frameworks",
				);
				MARKETING_VERSION = 1.0;
				PRODUCT_BUNDLE_IDENTIFIER = "thirdcode.DemoVideoGenerate-iOS";
				PRODUCT_NAME = "$(TARGET_NAME)";
				SWIFT_EMIT_LOC_STRINGS = YES;
				SWIFT_VERSION = 5.0;
				TARGETED_DEVICE_FAMILY = "1,2";
			};
			name = Release;
		};
		BEF7CC2A2D5A78A700F72F69 /* Debug */ = {
			isa = XCBuildConfiguration;
			buildSettings = {
				ALWAYS_SEARCH_USER_PATHS = NO;
				ASSETCATALOG_COMPILER_GENERATE_SWIFT_ASSET_SYMBOL_EXTENSIONS = YES;
				CLANG_ANALYZER_NONNULL = YES;
				CLANG_ANALYZER_NUMBER_OBJECT_CONVERSION = YES_AGGRESSIVE;
				CLANG_CXX_LANGUAGE_STANDARD = "gnu++20";
				CLANG_ENABLE_MODULES = YES;
				CLANG_ENABLE_OBJC_ARC = YES;
				CLANG_ENABLE_OBJC_WEAK = YES;
				CLANG_WARN_BLOCK_CAPTURE_AUTORELEASING = YES;
				CLANG_WARN_BOOL_CONVERSION = YES;
				CLANG_WARN_COMMA = YES;
				CLANG_WARN_CONSTANT_CONVERSION = YES;
				CLANG_WARN_DEPRECATED_OBJC_IMPLEMENTATIONS = YES;
				CLANG_WARN_DIRECT_OBJC_ISA_USAGE = YES_ERROR;
				CLANG_WARN_DOCUMENTATION_COMMENTS = YES;
				CLANG_WARN_EMPTY_BODY = YES;
				CLANG_WARN_ENUM_CONVERSION = YES;
				CLANG_WARN_INFINITE_RECURSION = YES;
				CLANG_WARN_INT_CONVERSION = YES;
				CLANG_WARN_NON_LITERAL_NULL_CONVERSION = YES;
				CLANG_WARN_OBJC_IMPLICIT_RETAIN_SELF = YES;
				CLANG_WARN_OBJC_LITERAL_CONVERSION = YES;
				CLANG_WARN_OBJC_ROOT_CLASS = YES_ERROR;
				CLANG_WARN_QUOTED_INCLUDE_IN_FRAMEWORK_HEADER = YES;
				CLANG_WARN_RANGE_LOOP_ANALYSIS = YES;
				CLANG_WARN_STRICT_PROTOTYPES = YES;
				CLANG_WARN_SUSPICIOUS_MOVE = YES;
				CLANG_WARN_UNGUARDED_AVAILABILITY = YES_AGGRESSIVE;
				CLANG_WARN_UNREACHABLE_CODE = YES;
				CLANG_WARN__DUPLICATE_METHOD_MATCH = YES;
				COPY_PHASE_STRIP = NO;
				DEBUG_INFORMATION_FORMAT = dwarf;
				ENABLE_STRICT_OBJC_MSGSEND = YES;
				ENABLE_TESTABILITY = YES;
				ENABLE_USER_SCRIPT_SANDBOXING = YES;
				GCC_C_LANGUAGE_STANDARD = gnu17;
				GCC_DYNAMIC_NO_PIC = NO;
				GCC_NO_COMMON_BLOCKS = YES;
				GCC_OPTIMIZATION_LEVEL = 0;
				GCC_PREPROCESSOR_DEFINITIONS = (
					"DEBUG=1",
					"$(inherited)",
				);
				GCC_WARN_64_TO_32_BIT_CONVERSION = YES;
				GCC_WARN_ABOUT_RETURN_TYPE = YES_ERROR;
				GCC_WARN_UNDECLARED_SELECTOR = YES;
				GCC_WARN_UNINITIALIZED_AUTOS = YES_AGGRESSIVE;
				GCC_WARN_UNUSED_FUNCTION = YES;
				GCC_WARN_UNUSED_VARIABLE = YES;
				IPHONEOS_DEPLOYMENT_TARGET = 18.1;
				LOCALIZATION_PREFERS_STRING_CATALOGS = YES;
				MTL_ENABLE_DEBUG_INFO = INCLUDE_SOURCE;
				MTL_FAST_MATH = YES;
				ONLY_ACTIVE_ARCH = YES;
				SDKROOT = iphoneos;
				SWIFT_ACTIVE_COMPILATION_CONDITIONS = "DEBUG $(inherited)";
				SWIFT_OPTIMIZATION_LEVEL = "-Onone";
			};
			name = Debug;
		};
		BEF7CC2B2D5A78A700F72F69 /* Release */ = {
			isa = XCBuildConfiguration;
			buildSettings = {
				ALWAYS_SEARCH_USER_PATHS = NO;
				ASSETCATALOG_COMPILER_GENERATE_SWIFT_ASSET_SYMBOL_EXTENSIONS = YES;
				CLANG_ANALYZER_NONNULL = YES;
				CLANG_ANALYZER_NUMBER_OBJECT_CONVERSION = YES_AGGRESSIVE;
				CLANG_CXX_LANGUAGE_STANDARD = "gnu++20";
				CLANG_ENABLE_MODULES = YES;
				CLANG_ENABLE_OBJC_ARC = YES;
				CLANG_ENABLE_OBJC_WEAK = YES;
				CLANG_WARN_BLOCK_CAPTURE_AUTORELEASING = YES;
				CLANG_WARN_BOOL_CONVERSION = YES;
				CLANG_WARN_COMMA = YES;
				CLANG_WARN_CONSTANT_CONVERSION = YES;
				CLANG_WARN_DEPRECATED_OBJC_IMPLEMENTATIONS = YES;
				CLANG_WARN_DIRECT_OBJC_ISA_USAGE = YES_ERROR;
				CLANG_WARN_DOCUMENTATION_COMMENTS = YES;
				CLANG_WARN_EMPTY_BODY = YES;
				CLANG_WARN_ENUM_CONVERSION = YES;
				CLANG_WARN_INFINITE_RECURSION = YES;
				CLANG_WARN_INT_CONVERSION = YES;
				CLANG_WARN_NON_LITERAL_NULL_CONVERSION = YES;
				CLANG_WARN_OBJC_IMPLICIT_RETAIN_SELF = YES;
				CLANG_WARN_OBJC_LITERAL_CONVERSION = YES;
				CLANG_WARN_OBJC_ROOT_CLASS = YES_ERROR;
				CLANG_WARN_QUOTED_INCLUDE_IN_FRAMEWORK_HEADER = YES;
				CLANG_WARN_RANGE_LOOP_ANALYSIS = YES;
				CLANG_WARN_STRICT_PROTOTYPES = YES;
				CLANG_WARN_SUSPICIOUS_MOVE = YES;
				CLANG_WARN_UNGUARDED_AVAILABILITY = YES_AGGRESSIVE;
				CLANG_WARN_UNREACHABLE_CODE = YES;
				CLANG_WARN__DUPLICATE_METHOD_MATCH = YES;
				COPY_PHASE_STRIP = NO;
				DEBUG_INFORMATION_FORMAT = "dwarf-with-dsym";
				ENABLE_NS_ASSERTIONS = NO;
				ENABLE_STRICT_OBJC_MSGSEND = YES;
				ENABLE_USER_SCRIPT_SANDBOXING = YES;
				GCC_C_LANGUAGE_STANDARD = gnu17;
				GCC_NO_COMMON_BLOCKS = YES;
				GCC_WARN_64_TO_32_BIT_CONVERSION = YES;
				GCC_WARN_ABOUT_RETURN_TYPE = YES_ERROR;
				GCC_WARN_UNDECLARED_SELECTOR = YES;
				GCC_WARN_UNINITIALIZED_AUTOS = YES_AGGRESSIVE;
				GCC_WARN_UNUSED_FUNCTION = YES;
				GCC_WARN_UNUSED_VARIABLE = YES;
				IPHONEOS_DEPLOYMENT_TARGET = 18.1;
				LOCALIZATION_PREFERS_STRING_CATALOGS = YES;
				MTL_ENABLE_DEBUG_INFO = NO;
				MTL_FAST_MATH = YES;
				SDKROOT = iphoneos;
				SWIFT_COMPILATION_MODE = wholemodule;
				VALIDATE_PRODUCT = YES;
			};
			name = Release;
		};
/* End XCBuildConfiguration section */

/* Begin XCConfigurationList section */
		BEF7CC0C2D5A78A500F72F69 /* Build configuration list for PBXProject "DemoVideoGenerate_iOS" */ = {
			isa = XCConfigurationList;
			buildConfigurations = (
				BEF7CC2A2D5A78A700F72F69 /* Debug */,
				BEF7CC2B2D5A78A700F72F69 /* Release */,
			);
			defaultConfigurationIsVisible = 0;
			defaultConfigurationName = Release;
		};
		BEF7CC272D5A78A700F72F69 /* Build configuration list for PBXNativeTarget "DemoVideoGenerate_iOS" */ = {
			isa = XCConfigurationList;
			buildConfigurations = (
				BEF7CC282D5A78A700F72F69 /* Debug */,
				BEF7CC292D5A78A700F72F69 /* Release */,
			);
			defaultConfigurationIsVisible = 0;
			defaultConfigurationName = Release;
		};
/* End XCConfigurationList section */

/* Begin XCVersionGroup section */
		BEF7CC412D5A796B00F72F69 /* DemoVideoGenerate_iOS.xcdatamodeld */ = {
			isa = XCVersionGroup;
			children = (
				BEF7CC4A2D5A796B00F72F69 /* DemoVideoGenerate_iOS.xcdatamodel */,
			);
			currentVersion = BEF7CC4A2D5A796B00F72F69 /* DemoVideoGenerate_iOS.xcdatamodel */;
			path = DemoVideoGenerate_iOS.xcdatamodeld;
			sourceTree = "<group>";
			versionGroupType = wrapper.xcdatamodel;
		};
/* End XCVersionGroup section */
	};
	rootObject = BEF7CC092D5A78A500F72F69 /* Project object */;
}
